# Generated by pub
# See https://dart.dev/tools/pub/glossary#lockfile
packages:
  async:
    dependency: transitive
    description:
      name: async
      sha256: "758e6d74e971c3e5aceb4110bfd6698efc7f501675bcfe0c775459a8140750eb"
      url: "https://pub.dev"
    source: hosted
    version: "2.13.0"
  bloc:
    dependency: "direct main"
    description:
      name: bloc
      sha256: a2cebb899f91d36eeeaa55c7b20b5915db5a9df1b8fd4a3c9c825e22e474537d
      url: "https://pub.dev"
    source: hosted
    version: "9.1.0"
  bloc_dependency_manager:
    dependency: "direct main"
    description:
      path: ".."
      relative: true
    source: path
    version: "1.11.0"
  collection:
    dependency: transitive
    description:
      name: collection
      sha256: "2f5709ae4d3d59dd8f7cd309b4e023046b57d8a6c82130785d2b0e5868084e76"
      url: "https://pub.dev"
    source: hosted
    version: "1.19.1"
  get_it:
    dependency: transitive
    description:
      name: get_it
      sha256: "1d648d2dd2047d7f7450d5727ca24ee435f240385753d90b49650e3cdff32e56"
      url: "https://pub.dev"
    source: hosted
    version: "9.2.0"
  meta:
    dependency: transitive
    description:
      name: meta
      sha256: "23f08335362185a5ea2ad3a4e597f1375e78bce8a040df5c600c8d3552ef2394"
      url: "https://pub.dev"
    source: hosted
    version: "1.17.0"
  very_good_analysis:
    dependency: "direct dev"
    description:
      name: very_good_analysis
      sha256: "96245839dbcc45dfab1af5fa551603b5c7a282028a64746c19c547d21a7f1e3a"
      url: "https://pub.dev"
    source: hosted
    version: "10.0.0"
sdks:
  dart: ">=3.9.0 <4.0.0"
